// !$*UTF8*$!
{
	archiveVersion = 1;
	classes = {
	};
	objectVersion = 50;
	objects = {

/* Begin PBXBuildFile section */
		2022829624D04B0A00F55BCD /* AppDelegate.swift in Sources */ = {isa = PBXBuildFile; fileRef = 2022829524D04B0A00F55BCD /* AppDelegate.swift */; };
		2022829824D04B0A00F55BCD /* SceneDelegate.swift in Sources */ = {isa = PBXBuildFile; fileRef = 2022829724D04B0A00F55BCD /* SceneDelegate.swift */; };
		2022829A24D04B0A00F55BCD /* FirstViewController.swift in Sources */ = {isa = PBXBuildFile; fileRef = 2022829924D04B0A00F55BCD /* FirstViewController.swift */; };
		2022829C24D04B0A00F55BCD /* SecondViewController.swift in Sources */ = {isa = PBXBuildFile; fileRef = 2022829B24D04B0A00F55BCD /* SecondViewController.swift */; };
		2022829F24D04B0A00F55BCD /* Main.storyboard in Resources */ = {isa = PBXBuildFile; fileRef = 2022829D24D04B0A00F55BCD /* Main.storyboard */; };
		202282A124D04B1800F55BCD /* Assets.xcassets in Resources */ = {isa = PBXBuildFile; fileRef = 202282A024D04B1800F55BCD /* Assets.xcassets */; };
		202282A424D04B1800F55BCD /* LaunchScreen.storyboard in Resources */ = {isa = PBXBuildFile; fileRef = 202282A224D04B1800F55BCD /* LaunchScreen.storyboard */; };
/* End PBXBuildFile section */

/* Begin PBXFileReference section */
		2022829224D04B0A00F55BCD /* TabBarProj.app */ = {isa = PBXFileReference; explicitFileType = wrapper.application; includeInIndex = 0; path = TabBarProj.app; sourceTree = BUILT_PRODUCTS_DIR; };
		2022829524D04B0A00F55BCD /* AppDelegate.swift */ = {isa = PBXFileReference; lastKnownFileType = sourcecode.swift; path = AppDelegate.swift; sourceTree = "<group>"; };
		2022829724D04B0A00F55BCD /* SceneDelegate.swift */ = {isa = PBXFileReference; lastKnownFileType = sourcecode.swift; path = SceneDelegate.swift; sourceTree = "<group>"; };
		2022829924D04B0A00F55BCD /* FirstViewController.swift */ = {isa = PBXFileReference; lastKnownFileType = sourcecode.swift; path = FirstViewController.swift; sourceTree = "<group>"; };
		2022829B24D04B0A00F55BCD /* SecondViewController.swift */ = {isa = PBXFileReference; lastKnownFileType = sourcecode.swift; path = SecondViewController.swift; sourceTree = "<group>"; };
		2022829E24D04B0A00F55BCD /* Base */ = {isa = PBXFileReference; lastKnownFileType = file.storyboard; name = Base; path = Base.lproj/Main.storyboard; sourceTree = "<group>"; };
		202282A024D04B1800F55BCD /* Assets.xcassets */ = {isa = PBXFileReference; lastKnownFileType = folder.assetcatalog; path = Assets.xcassets; sourceTree = "<group>"; };
		202282A324D04B1800F55BCD /* Base */ = {isa = PBXFileReference; lastKnownFileType = file.storyboard; name = Base; path = Base.lproj/LaunchScreen.storyboard; sourceTree = "<group>"; };
		202282A524D04B1800F55BCD /* Info.plist */ = {isa = PBXFileReference; lastKnownFileType = text.plist.xml; path = Info.plist; sourceTree = "<group>"; };
/* End PBXFileReference section */

/* Begin PBXFrameworksBuildPhase section */
		2022828F24D04B0A00F55BCD /* Frameworks */ = {
			isa = PBXFrameworksBuildPhase;
			buildActionMask = 2147483647;
			files = (
			);
			runOnlyForDeploymentPostprocessing = 0;
		};
/* End PBXFrameworksBuildPhase section */

/* Begin PBXGroup section */
		2022828924D04B0A00F55BCD = {
			isa = PBXGroup;
			children = (
				2022829424D04B0A00F55BCD /* TabBarProj */,
				2022829324D04B0A00F55BCD /* Products */,
			);
			sourceTree = "<group>";
		};
		2022829324D04B0A00F55BCD /* Products */ = {
			isa = PBXGroup;
			children = (
				2022829224D04B0A00F55BCD /* TabBarProj.app */,
			);
			name = Products;
			sourceTree = "<group>";
		};
		2022829424D04B0A00F55BCD /* TabBarProj */ = {
			isa = PBXGroup;
			children = (
				2022829524D04B0A00F55BCD /* AppDelegate.swift */,
				2022829724D04B0A00F55BCD /* SceneDelegate.swift */,
				2022829924D04B0A00F55BCD /* FirstViewController.swift */,
				2022829B24D04B0A00F55BCD /* SecondViewController.swift */,
				2022829D24D04B0A00F55BCD /* Main.storyboard */,
				202282A024D04B1800F55BCD /* Assets.xcassets */,
				202282A224D04B1800F55BCD /* LaunchScreen.storyboard */,
				202282A524D04B1800F55BCD /* Info.plist */,
			);
			path = TabBarProj;
			sourceTree = "<group>";
		};
/* End PBXGroup section */

/* Begin PBXNativeTarget section */
		2022829124D04B0A00F55BCD /* TabBarProj */ = {
			isa = PBXNativeTarget;
			buildConfigurationList = 202282A824D04B1800F55BCD /* Build configuration list for PBXNativeTarget "TabBarProj" */;
			buildPhases = (
				2022828E24D04B0A00F55BCD /* Sources */,
				2022828F24D04B0A00F55BCD /* Frameworks */,
				2022829024D04B0A00F55BCD /* Resources */,
			);
			buildRules = (
			);
			dependencies = (
			);
			name = TabBarProj;
			productName = TabBarProj;
			productReference = 2022829224D04B0A00F55BCD /* TabBarProj.app */;
			productType = "com.apple.product-type.application";
		};
/* End PBXNativeTarget section */

/* Begin PBXProject section */
		2022828A24D04B0A00F55BCD /* Project object */ = {
			isa = PBXProject;
			attributes = {
				LastSwiftUpdateCheck = 1130;
				LastUpgradeCheck = 1130;
				ORGANIZATIONNAME = "Vaibhav U";
				TargetAttributes = {
					2022829124D04B0A00F55BCD = {
						CreatedOnToolsVersion = 11.3.1;
					};
				};
			};
			buildConfigurationList = 2022828D24D04B0A00F55BCD /* Build configuration list for PBXProject "TabBarProj" */;
			compatibilityVersion = "Xcode 9.3";
			developmentRegion = en;
			hasScannedForEncodings = 0;
			knownRegions = (
				en,
				Base,
			);
			mainGroup = 2022828924D04B0A00F55BCD;
			productRefGroup = 2022829324D04B0A00F55BCD /* Products */;
			projectDirPath = "";
			projectRoot = "";
			targets = (
				2022829124D04B0A00F55BCD /* TabBarProj */,
			);
		};
/* End PBXProject section */

/* Begin PBXResourcesBuildPhase section */
		2022829024D04B0A00F55BCD /* Resources */ = {
			isa = PBXResourcesBuildPhase;
			buildActionMask = 2147483647;
			files = (
				202282A424D04B1800F55BCD /* LaunchScreen.storyboard in Resources */,
				202282A124D04B1800F55BCD /* Assets.xcassets in Resources */,
				2022829F24D04B0A00F55BCD /* Main.storyboard in Resources */,
			);
			runOnlyForDeploymentPostprocessing = 0;
		};
/* End PBXResourcesBuildPhase section */

/* Begin PBXSourcesBuildPhase section */
		2022828E24D04B0A00F55BCD /* Sources */ = {
			isa = PBXSourcesBuildPhase;
			buildActionMask = 2147483647;
			files = (
				2022829C24D04B0A00F55BCD /* SecondViewController.swift in Sources */,
				2022829A24D04B0A00F55BCD /* FirstViewController.swift in Sources */,
				2022829624D04B0A00F55BCD /* AppDelegate.swift in Sources */,
				2022829824D04B0A00F55BCD /* SceneDelegate.swift in Sources */,
			);
			runOnlyForDeploymentPostprocessing = 0;
		};
/* End PBXSourcesBuildPhase section */

/* Begin PBXVariantGroup section */
		2022829D24D04B0A00F55BCD /* Main.storyboard */ = {
			isa = PBXVariantGroup;
			children = (
				2022829E24D04B0A00F55BCD /* Base */,
			);
			name = Main.storyboard;
			sourceTree = "<group>";
		};
		202282A224D04B1800F55BCD /* LaunchScreen.storyboard */ = {
			isa = PBXVariantGroup;
			children = (
				202282A324D04B1800F55BCD /* Base */,
			);
			name = LaunchScreen.storyboard;
			sourceTree = "<group>";
		};
/* End PBXVariantGroup section */

/* Begin XCBuildConfiguration section */
		202282A624D04B1800F55BCD /* Debug */ = {
			isa = XCBuildConfiguration;
			buildSettings = {
				ALWAYS_SEARCH_USER_PATHS = NO;
				CLANG_ANALYZER_NONNULL = YES;
				CLANG_ANALYZER_NUMBER_OBJECT_CONVERSION = YES_AGGRESSIVE;
				CLANG_CXX_LANGUAGE_STANDARD = "gnu++14";
				CLANG_CXX_LIBRARY = "libc++";
				CLANG_ENABLE_MODULES = YES;
				CLANG_ENABLE_OBJC_ARC = YES;
				CLANG_ENABLE_OBJC_WEAK = YES;
				CLANG_WARN_BLOCK_CAPTURE_AUTORELEASING = YES;
				CLANG_WARN_BOOL_CONVERSION = YES;
				CLANG_WARN_COMMA = YES;
				CLANG_WARN_CONSTANT_CONVERSION = YES;
				CLANG_WARN_DEPRECATED_OBJC_IMPLEMENTATIONS = YES;
				CLANG_WARN_DIRECT_OBJC_ISA_USAGE = YES_ERROR;
				CLANG_WARN_DOCUMENTATION_COMMENTS = YES;
				CLANG_WARN_EMPTY_BODY = YES;
				CLANG_WARN_ENUM_CONVERSION = YES;
				CLANG_WARN_INFINITE_RECURSION = YES;
				CLANG_WARN_INT_CONVERSION = YES;
				CLANG_WARN_NON_LITERAL_NULL_CONVERSION = YES;
				CLANG_WARN_OBJC_IMPLICIT_RETAIN_SELF = YES;
				CLANG_WARN_OBJC_LITERAL_CONVERSION = YES;
				CLANG_WARN_OBJC_ROOT_CLASS = YES_ERROR;
				CLANG_WARN_RANGE_LOOP_ANALYSIS = YES;
				CLANG_WARN_STRICT_PROTOTYPES = YES;
				CLANG_WARN_SUSPICIOUS_MOVE = YES;
				CLANG_WARN_UNGUARDED_AVAILABILITY = YES_AGGRESSIVE;
				CLANG_WARN_UNREACHABLE_CODE = YES;
				CLANG_WARN__DUPLICATE_METHOD_MATCH = YES;
				COPY_PHASE_STRIP = NO;
				DEBUG_INFORMATION_FORMAT = dwarf;
				ENABLE_STRICT_OBJC_MSGSEND = YES;
				ENABLE_TESTABILITY = YES;
				GCC_C_LANGUAGE_STANDARD = gnu11;
				GCC_DYNAMIC_NO_PIC = NO;
				GCC_NO_COMMON_BLOCKS = YES;
				GCC_OPTIMIZATION_LEVEL = 0;
				GCC_PREPROCESSOR_DEFINITIONS = (
					"DEBUG=1",
					"$(inherited)",
				);
				GCC_WARN_64_TO_32_BIT_CONVERSION = YES;
				GCC_WARN_ABOUT_RETURN_TYPE = YES_ERROR;
				GCC_WARN_UNDECLARED_SELECTOR = YES;
				GCC_WARN_UNINITIALIZED_AUTOS = YES_AGGRESSIVE;
				GCC_WARN_UNUSED_FUNCTION = YES;
				GCC_WARN_UNUSED_VARIABLE = YES;
				IPHONEOS_DEPLOYMENT_TARGET = 13.2;
				MTL_ENABLE_DEBUG_INFO = INCLUDE_SOURCE;
				MTL_FAST_MATH = YES;
				ONLY_ACTIVE_ARCH = YES;
				SDKROOT = iphoneos;
				SWIFT_ACTIVE_COMPILATION_CONDITIONS = DEBUG;
				SWIFT_OPTIMIZATION_LEVEL = "-Onone";
			};
			name = Debug;
		};
		202282A724D04B1800F55BCD /* Release */ = {
			isa = XCBuildConfiguration;
			buildSettings = {
				ALWAYS_SEARCH_USER_PATHS = NO;
				CLANG_ANALYZER_NONNULL = YES;
				CLANG_ANALYZER_NUMBER_OBJECT_CONVERSION = YES_AGGRESSIVE;
				CLANG_CXX_LANGUAGE_STANDARD = "gnu++14";
				CLANG_CXX_LIBRARY = "libc++";
				CLANG_ENABLE_MODULES = YES;
				CLANG_ENABLE_OBJC_ARC = YES;
				CLANG_ENABLE_OBJC_WEAK = YES;
				CLANG_WARN_BLOCK_CAPTURE_AUTORELEASING = YES;
				CLANG_WARN_BOOL_CONVERSION = YES;
				CLANG_WARN_COMMA = YES;
				CLANG_WARN_CONSTANT_CONVERSION = YES;
				CLANG_WARN_DEPRECATED_OBJC_IMPLEMENTATIONS = YES;
				CLANG_WARN_DIRECT_OBJC_ISA_USAGE = YES_ERROR;
				CLANG_WARN_DOCUMENTATION_COMMENTS = YES;
				CLANG_WARN_EMPTY_BODY = YES;
				CLANG_WARN_ENUM_CONVERSION = YES;
				CLANG_WARN_INFINITE_RECURSION = YES;
				CLANG_WARN_INT_CONVERSION = YES;
				CLANG_WARN_NON_LITERAL_NULL_CONVERSION = YES;
				CLANG_WARN_OBJC_IMPLICIT_RETAIN_SELF = YES;
				CLANG_WARN_OBJC_LITERAL_CONVERSION = YES;
				CLANG_WARN_OBJC_ROOT_CLASS = YES_ERROR;
				CLANG_WARN_RANGE_LOOP_ANALYSIS = YES;
				CLANG_WARN_STRICT_PROTOTYPES = YES;
				CLANG_WARN_SUSPICIOUS_MOVE = YES;
				CLANG_WARN_UNGUARDED_AVAILABILITY = YES_AGGRESSIVE;
				CLANG_WARN_UNREACHABLE_CODE = YES;
				CLANG_WARN__DUPLICATE_METHOD_MATCH = YES;
				COPY_PHASE_STRIP = NO;
				DEBUG_INFORMATION_FORMAT = "dwarf-with-dsym";
				ENABLE_NS_ASSERTIONS = NO;
				ENABLE_STRICT_OBJC_MSGSEND = YES;
				GCC_C_LANGUAGE_STANDARD = gnu11;
				GCC_NO_COMMON_BLOCKS = YES;
				GCC_WARN_64_TO_32_BIT_CONVERSION = YES;
				GCC_WARN_ABOUT_RETURN_TYPE = YES_ERROR;
				GCC_WARN_UNDECLARED_SELECTOR = YES;
				GCC_WARN_UNINITIALIZED_AUTOS = YES_AGGRESSIVE;
				GCC_WARN_UNUSED_FUNCTION = YES;
				GCC_WARN_UNUSED_VARIABLE = YES;
				IPHONEOS_DEPLOYMENT_TARGET = 13.2;
				MTL_ENABLE_DEBUG_INFO = NO;
				MTL_FAST_MATH = YES;
				SDKROOT = iphoneos;
				SWIFT_COMPILATION_MODE = wholemodule;
				SWIFT_OPTIMIZATION_LEVEL = "-O";
				VALIDATE_PRODUCT = YES;
			};
			name = Release;
		};
		202282A924D04B1800F55BCD /* Debug */ = {
			isa = XCBuildConfiguration;
			buildSettings = {
				ASSETCATALOG_COMPILER_APPICON_NAME = AppIcon;
				CODE_SIGN_STYLE = Automatic;
				DEVELOPMENT_TEAM = 6B26XFY35T;
				INFOPLIST_FILE = TabBarProj/Info.plist;
				LD_RUNPATH_SEARCH_PATHS = (
					"$(inherited)",
					"@executable_path/Frameworks",
				);
				PRODUCT_BUNDLE_IDENTIFIER = com.tcs.marathon.clarkanimo.TabBarProj;
				PRODUCT_NAME = "$(TARGET_NAME)";
				SWIFT_VERSION = 5.0;
				TARGETED_DEVICE_FAMILY = "1,2";
			};
			name = Debug;
		};
		202282AA24D04B1800F55BCD /* Release */ = {
			isa = XCBuildConfiguration;
			buildSettings = {
				ASSETCATALOG_COMPILER_APPICON_NAME = AppIcon;
				CODE_SIGN_STYLE = Automatic;
				DEVELOPMENT_TEAM = 6B26XFY35T;
				INFOPLIST_FILE = TabBarProj/Info.plist;
				LD_RUNPATH_SEARCH_PATHS = (
					"$(inherited)",
					"@executable_path/Frameworks",
				);
				PRODUCT_BUNDLE_IDENTIFIER = com.tcs.marathon.clarkanimo.TabBarProj;
				PRODUCT_NAME = "$(TARGET_NAME)";
				SWIFT_VERSION = 5.0;
				TARGETED_DEVICE_FAMILY = "1,2";
			};
			name = Release;
		};
/* End XCBuildConfiguration section */

/* Begin XCConfigurationList section */
		2022828D24D04B0A00F55BCD /* Build configuration list for PBXProject "TabBarProj" */ = {
			isa = XCConfigurationList;
			buildConfigurations = (
				202282A624D04B1800F55BCD /* Debug */,
				202282A724D04B1800F55BCD /* Release */,
			);
			defaultConfigurationIsVisible = 0;
			defaultConfigurationName = Release;
		};
		202282A824D04B1800F55BCD /* Build configuration list for PBXNativeTarget "TabBarProj" */ = {
			isa = XCConfigurationList;
			buildConfigurations = (
				202282A924D04B1800F55BCD /* Debug */,
				202282AA24D04B1800F55BCD /* Release */,
			);
			defaultConfigurationIsVisible = 0;
			defaultConfigurationName = Release;
		};
/* End XCConfigurationList section */
	};
	rootObject = 2022828A24D04B0A00F55BCD /* Project object */;
}
